<Solution>`r`n  <Folder Name="/AudioTranscriber/">`r`n    <Project Path="AudioTranscriber/AudioTranscriber.csproj" />`r`n  </Folder>
  <Folder Name="/src/">
    <Project Path="src/LocalWhisperTranscriber/LocalWhisperTranscriber.csproj" />
  </Folder>
  <Folder Name="/installer/">
    <Project Path="installer/windows/LocalWhisperTranscriber.Installer.wixproj" />
    <Project Path="LocalTranscriberInstaller/LocalTranscriberInstaller.vdproj" Type="Installer">
      <Build />
    </Project>
  </Folder>
</Solution>

